
Microsoft Visual Studio Solution File, Format Version 12.00
# Visual Studio Version 17
VisualStudioVersion = 17.0.31410.414
MinimumVisualStudioVersion = 10.0.40219.1
Project("{FAE04EC0-301F-11D3-BF4B-00C04F79EFBC}") = "Chess", "Chess\Chess.csproj", "{AB35ADA6-C3C6-4B62-ACE0-8FE97D26E3CD}"
EndProject
Global
	GlobalSection(SolutionConfigurationPlatforms) = preSolution
		Debug|Any CPU = Debug|Any CPU
		Release|Any CPU = Release|Any CPU
	EndGlobalSection
	GlobalSection(ProjectConfigurationPlatforms) = postSolution
		{AB35ADA6-C3C6-4B62-ACE0-8FE97D26E3CD}.Debug|Any CPU.ActiveCfg = Debug|Any CPU
		{AB35ADA6-C3C6-4B62-ACE0-8FE97D26E3CD}.Debug|Any CPU.Build.0 = Debug|Any CPU
		{AB35ADA6-C3C6-4B62-ACE0-8FE97D26E3CD}.Release|Any CPU.ActiveCfg = Release|Any CPU
		{AB35ADA6-C3C6-4B62-ACE0-8FE97D26E3CD}.Release|Any CPU.Build.0 = Release|Any CPU
	EndGlobalSection
	GlobalSection(SolutionProperties) = preSolution
		HideSolutionNode = FALSE
	EndGlobalSection
	GlobalSection(ExtensibilityGlobals) = postSolution
		SolutionGuid = {3DC538B2-9267-40E0-9897-61AF4ECC066D}
	EndGlobalSection
EndGlobal
